
Microsoft Visual Studio Solution File, Format Version 12.00
# Visual Studio Version 16
VisualStudioVersion = 16.0.31402.337
MinimumVisualStudioVersion = 10.0.40219.1
Project("{FAE04EC0-301F-11D3-BF4B-00C04F79EFBC}") = "ATNG_APK", "ATNG_APK\ATNG_APK.csproj", "{405350D2-3C66-42EA-8C15-72CA32898D28}"
EndProject
Global
	GlobalSection(SolutionConfigurationPlatforms) = preSolution
		Debug|Any CPU = Debug|Any CPU
		Release|Any CPU = Release|Any CPU
	EndGlobalSection
	GlobalSection(ProjectConfigurationPlatforms) = postSolution
		{405350D2-3C66-42EA-8C15-72CA32898D28}.Debug|Any CPU.ActiveCfg = Debug|Any CPU
		{405350D2-3C66-42EA-8C15-72CA32898D28}.Debug|Any CPU.Build.0 = Debug|Any CPU
		{405350D2-3C66-42EA-8C15-72CA32898D28}.Release|Any CPU.ActiveCfg = Release|Any CPU
		{405350D2-3C66-42EA-8C15-72CA32898D28}.Release|Any CPU.Build.0 = Release|Any CPU
	EndGlobalSection
	GlobalSection(SolutionProperties) = preSolution
		HideSolutionNode = FALSE
	EndGlobalSection
	GlobalSection(ExtensibilityGlobals) = postSolution
		SolutionGuid = {CCF77FF6-49A5-4B08-A954-8D50EE3ED1D9}
	EndGlobalSection
EndGlobal
